// !$*UTF8*$!
{
	archiveVersion = 1;
	classes = {
	};
	objectVersion = 46;
	objects = {

/* Begin PBXBuildFile section */
		630F8DA31A9E60D400952AEE /* main.m in Sources */ = {isa = PBXBuildFile; fileRef = 630F8DA21A9E60D400952AEE /* main.m */; };
		630F8DA61A9E60D400952AEE /* AppDelegate.m in Sources */ = {isa = PBXBuildFile; fileRef = 630F8DA51A9E60D400952AEE /* AppDelegate.m */; };
		630F8DAC1A9E60D400952AEE /* Main.storyboard in Resources */ = {isa = PBXBuildFile; fileRef = 630F8DAA1A9E60D400952AEE /* Main.storyboard */; };
		630F8DAE1A9E60D400952AEE /* Images.xcassets in Resources */ = {isa = PBXBuildFile; fileRef = 630F8DAD1A9E60D400952AEE /* Images.xcassets */; };
		630F8DB11A9E60D400952AEE /* LaunchScreen.xib in Resources */ = {isa = PBXBuildFile; fileRef = 630F8DAF1A9E60D400952AEE /* LaunchScreen.xib */; };
		630F8DBD1A9E60D400952AEE /* TestShopTests.m in Sources */ = {isa = PBXBuildFile; fileRef = 630F8DBC1A9E60D400952AEE /* TestShopTests.m */; };
		630F8DC81A9E638A00952AEE /* ShopViewController.m in Sources */ = {isa = PBXBuildFile; fileRef = 630F8DC71A9E638A00952AEE /* ShopViewController.m */; };
		630F8DCB1A9E639500952AEE /* CheckoutViewController.m in Sources */ = {isa = PBXBuildFile; fileRef = 630F8DCA1A9E639500952AEE /* CheckoutViewController.m */; };
		630F8DCE1A9E639F00952AEE /* ThankYouViewController.m in Sources */ = {isa = PBXBuildFile; fileRef = 630F8DCD1A9E639F00952AEE /* ThankYouViewController.m */; };
		630F8EAD1A9E858800952AEE /* CoreData.framework in Frameworks */ = {isa = PBXBuildFile; fileRef = 630F8EAC1A9E858800952AEE /* CoreData.framework */; };
		630F8EAF1A9E859300952AEE /* SystemConfiguration.framework in Frameworks */ = {isa = PBXBuildFile; fileRef = 630F8EAE1A9E859300952AEE /* SystemConfiguration.framework */; };
		630F8EB11A9E859C00952AEE /* libz.dylib in Frameworks */ = {isa = PBXBuildFile; fileRef = 630F8EB01A9E859C00952AEE /* libz.dylib */; };
		630F8EB31A9E85AC00952AEE /* libsqlite3.dylib in Frameworks */ = {isa = PBXBuildFile; fileRef = 630F8EB21A9E85AC00952AEE /* libsqlite3.dylib */; };
		630F8F391A9E897600952AEE /* libGoogleAnalyticsServices.a in Frameworks */ = {isa = PBXBuildFile; fileRef = 630F8F381A9E897600952AEE /* libGoogleAnalyticsServices.a */; };
/* End PBXBuildFile section */

/* Begin PBXContainerItemProxy section */
		630F8DB71A9E60D400952AEE /* PBXContainerItemProxy */ = {
			isa = PBXContainerItemProxy;
			containerPortal = 630F8D951A9E60D400952AEE /* Project object */;
			proxyType = 1;
			remoteGlobalIDString = 630F8D9C1A9E60D400952AEE;
			remoteInfo = TestShop;
		};
/* End PBXContainerItemProxy section */

/* Begin PBXFileReference section */
		630F8D9D1A9E60D400952AEE /* TestShop.app */ = {isa = PBXFileReference; explicitFileType = wrapper.application; includeInIndex = 0; path = TestShop.app; sourceTree = BUILT_PRODUCTS_DIR; };
		630F8DA11A9E60D400952AEE /* Info.plist */ = {isa = PBXFileReference; lastKnownFileType = text.plist.xml; path = Info.plist; sourceTree = "<group>"; };
		630F8DA21A9E60D400952AEE /* main.m */ = {isa = PBXFileReference; lastKnownFileType = sourcecode.c.objc; path = main.m; sourceTree = "<group>"; };
		630F8DA41A9E60D400952AEE /* AppDelegate.h */ = {isa = PBXFileReference; lastKnownFileType = sourcecode.c.h; path = AppDelegate.h; sourceTree = "<group>"; };
		630F8DA51A9E60D400952AEE /* AppDelegate.m */ = {isa = PBXFileReference; lastKnownFileType = sourcecode.c.objc; path = AppDelegate.m; sourceTree = "<group>"; };
		630F8DAB1A9E60D400952AEE /* Base */ = {isa = PBXFileReference; lastKnownFileType = file.storyboard; name = Base; path = Base.lproj/Main.storyboard; sourceTree = "<group>"; };
		630F8DAD1A9E60D400952AEE /* Images.xcassets */ = {isa = PBXFileReference; lastKnownFileType = folder.assetcatalog; path = Images.xcassets; sourceTree = "<group>"; };
		630F8DB01A9E60D400952AEE /* Base */ = {isa = PBXFileReference; lastKnownFileType = file.xib; name = Base; path = Base.lproj/LaunchScreen.xib; sourceTree = "<group>"; };
		630F8DB61A9E60D400952AEE /* TestShopTests.xctest */ = {isa = PBXFileReference; explicitFileType = wrapper.cfbundle; includeInIndex = 0; path = TestShopTests.xctest; sourceTree = BUILT_PRODUCTS_DIR; };
		630F8DBB1A9E60D400952AEE /* Info.plist */ = {isa = PBXFileReference; lastKnownFileType = text.plist.xml; path = Info.plist; sourceTree = "<group>"; };
		630F8DBC1A9E60D400952AEE /* TestShopTests.m */ = {isa = PBXFileReference; lastKnownFileType = sourcecode.c.objc; path = TestShopTests.m; sourceTree = "<group>"; };
		630F8DC61A9E638A00952AEE /* ShopViewController.h */ = {isa = PBXFileReference; fileEncoding = 4; lastKnownFileType = sourcecode.c.h; name = ShopViewController.h; path = ../ShopViewController.h; sourceTree = "<group>"; };
		630F8DC71A9E638A00952AEE /* ShopViewController.m */ = {isa = PBXFileReference; fileEncoding = 4; lastKnownFileType = sourcecode.c.objc; name = ShopViewController.m; path = ../ShopViewController.m; sourceTree = "<group>"; };
		630F8DC91A9E639500952AEE /* CheckoutViewController.h */ = {isa = PBXFileReference; fileEncoding = 4; lastKnownFileType = sourcecode.c.h; path = CheckoutViewController.h; sourceTree = "<group>"; };
		630F8DCA1A9E639500952AEE /* CheckoutViewController.m */ = {isa = PBXFileReference; fileEncoding = 4; lastKnownFileType = sourcecode.c.objc; path = CheckoutViewController.m; sourceTree = "<group>"; };
		630F8DCC1A9E639F00952AEE /* ThankYouViewController.h */ = {isa = PBXFileReference; fileEncoding = 4; lastKnownFileType = sourcecode.c.h; path = ThankYouViewController.h; sourceTree = "<group>"; };
		630F8DCD1A9E639F00952AEE /* ThankYouViewController.m */ = {isa = PBXFileReference; fileEncoding = 4; lastKnownFileType = sourcecode.c.objc; path = ThankYouViewController.m; sourceTree = "<group>"; };
		630F8EA11A9E856C00952AEE /* GAI.h */ = {isa = PBXFileReference; fileEncoding = 4; lastKnownFileType = sourcecode.c.h; path = GAI.h; sourceTree = "<group>"; };
		630F8EA21A9E856C00952AEE /* GAIDictionaryBuilder.h */ = {isa = PBXFileReference; fileEncoding = 4; lastKnownFileType = sourcecode.c.h; path = GAIDictionaryBuilder.h; sourceTree = "<group>"; };
		630F8EA31A9E856C00952AEE /* GAIEcommerceFields.h */ = {isa = PBXFileReference; fileEncoding = 4; lastKnownFileType = sourcecode.c.h; path = GAIEcommerceFields.h; sourceTree = "<group>"; };
		630F8EA41A9E856C00952AEE /* GAIEcommerceProduct.h */ = {isa = PBXFileReference; fileEncoding = 4; lastKnownFileType = sourcecode.c.h; path = GAIEcommerceProduct.h; sourceTree = "<group>"; };
		630F8EA51A9E856C00952AEE /* GAIEcommerceProductAction.h */ = {isa = PBXFileReference; fileEncoding = 4; lastKnownFileType = sourcecode.c.h; path = GAIEcommerceProductAction.h; sourceTree = "<group>"; };
		630F8EA61A9E856C00952AEE /* GAIEcommercePromotion.h */ = {isa = PBXFileReference; fileEncoding = 4; lastKnownFileType = sourcecode.c.h; path = GAIEcommercePromotion.h; sourceTree = "<group>"; };
		630F8EA71A9E856C00952AEE /* GAIFields.h */ = {isa = PBXFileReference; fileEncoding = 4; lastKnownFileType = sourcecode.c.h; path = GAIFields.h; sourceTree = "<group>"; };
		630F8EA81A9E856C00952AEE /* GAILogger.h */ = {isa = PBXFileReference; fileEncoding = 4; lastKnownFileType = sourcecode.c.h; path = GAILogger.h; sourceTree = "<group>"; };
		630F8EA91A9E856C00952AEE /* GAITrackedViewController.h */ = {isa = PBXFileReference; fileEncoding = 4; lastKnownFileType = sourcecode.c.h; path = GAITrackedViewController.h; sourceTree = "<group>"; };
		630F8EAA1A9E856C00952AEE /* GAITracker.h */ = {isa = PBXFileReference; fileEncoding = 4; lastKnownFileType = sourcecode.c.h; path = GAITracker.h; sourceTree = "<group>"; };
		630F8EAC1A9E858800952AEE /* CoreData.framework */ = {isa = PBXFileReference; lastKnownFileType = wrapper.framework; name = CoreData.framework; path = System/Library/Frameworks/CoreData.framework; sourceTree = SDKROOT; };
		630F8EAE1A9E859300952AEE /* SystemConfiguration.framework */ = {isa = PBXFileReference; lastKnownFileType = wrapper.framework; name = SystemConfiguration.framework; path = System/Library/Frameworks/SystemConfiguration.framework; sourceTree = SDKROOT; };
		630F8EB01A9E859C00952AEE /* libz.dylib */ = {isa = PBXFileReference; lastKnownFileType = "compiled.mach-o.dylib"; name = libz.dylib; path = usr/lib/libz.dylib; sourceTree = SDKROOT; };
		630F8EB21A9E85AC00952AEE /* libsqlite3.dylib */ = {isa = PBXFileReference; lastKnownFileType = "compiled.mach-o.dylib"; name = libsqlite3.dylib; path = usr/lib/libsqlite3.dylib; sourceTree = SDKROOT; };
		630F8F381A9E897600952AEE /* libGoogleAnalyticsServices.a */ = {isa = PBXFileReference; lastKnownFileType = archive.ar; path = libGoogleAnalyticsServices.a; sourceTree = "<group>"; };
/* End PBXFileReference section */

/* Begin PBXFrameworksBuildPhase section */
		630F8D9A1A9E60D400952AEE /* Frameworks */ = {
			isa = PBXFrameworksBuildPhase;
			buildActionMask = 2147483647;
			files = (
				630F8EB31A9E85AC00952AEE /* libsqlite3.dylib in Frameworks */,
				630F8EB11A9E859C00952AEE /* libz.dylib in Frameworks */,
				630F8EAF1A9E859300952AEE /* SystemConfiguration.framework in Frameworks */,
				630F8F391A9E897600952AEE /* libGoogleAnalyticsServices.a in Frameworks */,
				630F8EAD1A9E858800952AEE /* CoreData.framework in Frameworks */,
			);
			runOnlyForDeploymentPostprocessing = 0;
		};
		630F8DB31A9E60D400952AEE /* Frameworks */ = {
			isa = PBXFrameworksBuildPhase;
			buildActionMask = 2147483647;
			files = (
			);
			runOnlyForDeploymentPostprocessing = 0;
		};
/* End PBXFrameworksBuildPhase section */

/* Begin PBXGroup section */
		630F8D941A9E60D400952AEE = {
			isa = PBXGroup;
			children = (
				630F8D9F1A9E60D400952AEE /* TestShop */,
				630F8DB91A9E60D400952AEE /* TestShopTests */,
				630F8D9E1A9E60D400952AEE /* Products */,
			);
			sourceTree = "<group>";
		};
		630F8D9E1A9E60D400952AEE /* Products */ = {
			isa = PBXGroup;
			children = (
				630F8D9D1A9E60D400952AEE /* TestShop.app */,
				630F8DB61A9E60D400952AEE /* TestShopTests.xctest */,
			);
			name = Products;
			sourceTree = "<group>";
		};
		630F8D9F1A9E60D400952AEE /* TestShop */ = {
			isa = PBXGroup;
			children = (
				630F8DA41A9E60D400952AEE /* AppDelegate.h */,
				630F8DA51A9E60D400952AEE /* AppDelegate.m */,
				630F8DC61A9E638A00952AEE /* ShopViewController.h */,
				630F8DC71A9E638A00952AEE /* ShopViewController.m */,
				630F8DC91A9E639500952AEE /* CheckoutViewController.h */,
				630F8DCA1A9E639500952AEE /* CheckoutViewController.m */,
				630F8DCC1A9E639F00952AEE /* ThankYouViewController.h */,
				630F8DCD1A9E639F00952AEE /* ThankYouViewController.m */,
				630F8DAA1A9E60D400952AEE /* Main.storyboard */,
				630F8DAD1A9E60D400952AEE /* Images.xcassets */,
				630F8DAF1A9E60D400952AEE /* LaunchScreen.xib */,
				630F8DA01A9E60D400952AEE /* Supporting Files */,
			);
			path = TestShop;
			sourceTree = "<group>";
		};
		630F8DA01A9E60D400952AEE /* Supporting Files */ = {
			isa = PBXGroup;
			children = (
				630F8EAB1A9E857800952AEE /* Frameworks */,
				630F8EA01A9E856C00952AEE /* Library */,
				630F8DA11A9E60D400952AEE /* Info.plist */,
				630F8DA21A9E60D400952AEE /* main.m */,
			);
			name = "Supporting Files";
			sourceTree = "<group>";
		};
		630F8DB91A9E60D400952AEE /* TestShopTests */ = {
			isa = PBXGroup;
			children = (
				630F8DBC1A9E60D400952AEE /* TestShopTests.m */,
				630F8DBA1A9E60D400952AEE /* Supporting Files */,
			);
			path = TestShopTests;
			sourceTree = "<group>";
		};
		630F8DBA1A9E60D400952AEE /* Supporting Files */ = {
			isa = PBXGroup;
			children = (
				630F8DBB1A9E60D400952AEE /* Info.plist */,
			);
			name = "Supporting Files";
			sourceTree = "<group>";
		};
		630F8EA01A9E856C00952AEE /* Library */ = {
			isa = PBXGroup;
			children = (
				630F8EA11A9E856C00952AEE /* GAI.h */,
				630F8EA21A9E856C00952AEE /* GAIDictionaryBuilder.h */,
				630F8EA31A9E856C00952AEE /* GAIEcommerceFields.h */,
				630F8EA41A9E856C00952AEE /* GAIEcommerceProduct.h */,
				630F8EA51A9E856C00952AEE /* GAIEcommerceProductAction.h */,
				630F8EA61A9E856C00952AEE /* GAIEcommercePromotion.h */,
				630F8EA71A9E856C00952AEE /* GAIFields.h */,
				630F8EA81A9E856C00952AEE /* GAILogger.h */,
				630F8EA91A9E856C00952AEE /* GAITrackedViewController.h */,
				630F8EAA1A9E856C00952AEE /* GAITracker.h */,
			);
			path = Library;
			sourceTree = "<group>";
		};
		630F8EAB1A9E857800952AEE /* Frameworks */ = {
			isa = PBXGroup;
			children = (
				630F8EB21A9E85AC00952AEE /* libsqlite3.dylib */,
				630F8EB01A9E859C00952AEE /* libz.dylib */,
				630F8EAE1A9E859300952AEE /* SystemConfiguration.framework */,
				630F8F381A9E897600952AEE /* libGoogleAnalyticsServices.a */,
				630F8EAC1A9E858800952AEE /* CoreData.framework */,
			);
			name = Frameworks;
			sourceTree = "<group>";
		};
/* End PBXGroup section */

/* Begin PBXNativeTarget section */
		630F8D9C1A9E60D400952AEE /* TestShop */ = {
			isa = PBXNativeTarget;
			buildConfigurationList = 630F8DC01A9E60D400952AEE /* Build configuration list for PBXNativeTarget "TestShop" */;
			buildPhases = (
				630F8D991A9E60D400952AEE /* Sources */,
				630F8D9A1A9E60D400952AEE /* Frameworks */,
				630F8D9B1A9E60D400952AEE /* Resources */,
			);
			buildRules = (
			);
			dependencies = (
			);
			name = TestShop;
			productName = TestShop;
			productReference = 630F8D9D1A9E60D400952AEE /* TestShop.app */;
			productType = "com.apple.product-type.application";
		};
		630F8DB51A9E60D400952AEE /* TestShopTests */ = {
			isa = PBXNativeTarget;
			buildConfigurationList = 630F8DC31A9E60D400952AEE /* Build configuration list for PBXNativeTarget "TestShopTests" */;
			buildPhases = (
				630F8DB21A9E60D400952AEE /* Sources */,
				630F8DB31A9E60D400952AEE /* Frameworks */,
				630F8DB41A9E60D400952AEE /* Resources */,
			);
			buildRules = (
			);
			dependencies = (
				630F8DB81A9E60D400952AEE /* PBXTargetDependency */,
			);
			name = TestShopTests;
			productName = TestShopTests;
			productReference = 630F8DB61A9E60D400952AEE /* TestShopTests.xctest */;
			productType = "com.apple.product-type.bundle.unit-test";
		};
/* End PBXNativeTarget section */

/* Begin PBXProject section */
		630F8D951A9E60D400952AEE /* Project object */ = {
			isa = PBXProject;
			attributes = {
				LastUpgradeCheck = 0610;
				ORGANIZATIONNAME = "Vincent Lee - Analytics Pros";
				TargetAttributes = {
					630F8D9C1A9E60D400952AEE = {
						CreatedOnToolsVersion = 6.1.1;
					};
					630F8DB51A9E60D400952AEE = {
						CreatedOnToolsVersion = 6.1.1;
						TestTargetID = 630F8D9C1A9E60D400952AEE;
					};
				};
			};
			buildConfigurationList = 630F8D981A9E60D400952AEE /* Build configuration list for PBXProject "TestShop" */;
			compatibilityVersion = "Xcode 3.2";
			developmentRegion = English;
			hasScannedForEncodings = 0;
			knownRegions = (
				en,
				Base,
			);
			mainGroup = 630F8D941A9E60D400952AEE;
			productRefGroup = 630F8D9E1A9E60D400952AEE /* Products */;
			projectDirPath = "";
			projectRoot = "";
			targets = (
				630F8D9C1A9E60D400952AEE /* TestShop */,
				630F8DB51A9E60D400952AEE /* TestShopTests */,
			);
		};
/* End PBXProject section */

/* Begin PBXResourcesBuildPhase section */
		630F8D9B1A9E60D400952AEE /* Resources */ = {
			isa = PBXResourcesBuildPhase;
			buildActionMask = 2147483647;
			files = (
				630F8DAC1A9E60D400952AEE /* Main.storyboard in Resources */,
				630F8DB11A9E60D400952AEE /* LaunchScreen.xib in Resources */,
				630F8DAE1A9E60D400952AEE /* Images.xcassets in Resources */,
			);
			runOnlyForDeploymentPostprocessing = 0;
		};
		630F8DB41A9E60D400952AEE /* Resources */ = {
			isa = PBXResourcesBuildPhase;
			buildActionMask = 2147483647;
			files = (
			);
			runOnlyForDeploymentPostprocessing = 0;
		};
/* End PBXResourcesBuildPhase section */

/* Begin PBXSourcesBuildPhase section */
		630F8D991A9E60D400952AEE /* Sources */ = {
			isa = PBXSourcesBuildPhase;
			buildActionMask = 2147483647;
			files = (
				630F8DCB1A9E639500952AEE /* CheckoutViewController.m in Sources */,
				630F8DCE1A9E639F00952AEE /* ThankYouViewController.m in Sources */,
				630F8DA61A9E60D400952AEE /* AppDelegate.m in Sources */,
				630F8DC81A9E638A00952AEE /* ShopViewController.m in Sources */,
				630F8DA31A9E60D400952AEE /* main.m in Sources */,
			);
			runOnlyForDeploymentPostprocessing = 0;
		};
		630F8DB21A9E60D400952AEE /* Sources */ = {
			isa = PBXSourcesBuildPhase;
			buildActionMask = 2147483647;
			files = (
				630F8DBD1A9E60D400952AEE /* TestShopTests.m in Sources */,
			);
			runOnlyForDeploymentPostprocessing = 0;
		};
/* End PBXSourcesBuildPhase section */

/* Begin PBXTargetDependency section */
		630F8DB81A9E60D400952AEE /* PBXTargetDependency */ = {
			isa = PBXTargetDependency;
			target = 630F8D9C1A9E60D400952AEE /* TestShop */;
			targetProxy = 630F8DB71A9E60D400952AEE /* PBXContainerItemProxy */;
		};
/* End PBXTargetDependency section */

/* Begin PBXVariantGroup section */
		630F8DAA1A9E60D400952AEE /* Main.storyboard */ = {
			isa = PBXVariantGroup;
			children = (
				630F8DAB1A9E60D400952AEE /* Base */,
			);
			name = Main.storyboard;
			sourceTree = "<group>";
		};
		630F8DAF1A9E60D400952AEE /* LaunchScreen.xib */ = {
			isa = PBXVariantGroup;
			children = (
				630F8DB01A9E60D400952AEE /* Base */,
			);
			name = LaunchScreen.xib;
			sourceTree = "<group>";
		};
/* End PBXVariantGroup section */

/* Begin XCBuildConfiguration section */
		630F8DBE1A9E60D400952AEE /* Debug */ = {
			isa = XCBuildConfiguration;
			buildSettings = {
				ALWAYS_SEARCH_USER_PATHS = NO;
				CLANG_CXX_LANGUAGE_STANDARD = "gnu++0x";
				CLANG_CXX_LIBRARY = "libc++";
				CLANG_ENABLE_MODULES = YES;
				CLANG_ENABLE_OBJC_ARC = YES;
				CLANG_WARN_BOOL_CONVERSION = YES;
				CLANG_WARN_CONSTANT_CONVERSION = YES;
				CLANG_WARN_DIRECT_OBJC_ISA_USAGE = YES_ERROR;
				CLANG_WARN_EMPTY_BODY = YES;
				CLANG_WARN_ENUM_CONVERSION = YES;
				CLANG_WARN_INT_CONVERSION = YES;
				CLANG_WARN_OBJC_ROOT_CLASS = YES_ERROR;
				CLANG_WARN_UNREACHABLE_CODE = YES;
				CLANG_WARN__DUPLICATE_METHOD_MATCH = YES;
				"CODE_SIGN_IDENTITY[sdk=iphoneos*]" = "iPhone Developer";
				COPY_PHASE_STRIP = NO;
				ENABLE_STRICT_OBJC_MSGSEND = YES;
				GCC_C_LANGUAGE_STANDARD = gnu99;
				GCC_DYNAMIC_NO_PIC = NO;
				GCC_OPTIMIZATION_LEVEL = 0;
				GCC_PREPROCESSOR_DEFINITIONS = (
					"DEBUG=1",
					"$(inherited)",
				);
				GCC_SYMBOLS_PRIVATE_EXTERN = NO;
				GCC_WARN_64_TO_32_BIT_CONVERSION = YES;
				GCC_WARN_ABOUT_RETURN_TYPE = YES_ERROR;
				GCC_WARN_UNDECLARED_SELECTOR = YES;
				GCC_WARN_UNINITIALIZED_AUTOS = YES_AGGRESSIVE;
				GCC_WARN_UNUSED_FUNCTION = YES;
				GCC_WARN_UNUSED_VARIABLE = YES;
				IPHONEOS_DEPLOYMENT_TARGET = 8.1;
				MTL_ENABLE_DEBUG_INFO = YES;
				ONLY_ACTIVE_ARCH = YES;
				SDKROOT = iphoneos;
				TARGETED_DEVICE_FAMILY = "1,2";
			};
			name = Debug;
		};
		630F8DBF1A9E60D400952AEE /* Release */ = {
			isa = XCBuildConfiguration;
			buildSettings = {
				ALWAYS_SEARCH_USER_PATHS = NO;
				CLANG_CXX_LANGUAGE_STANDARD = "gnu++0x";
				CLANG_CXX_LIBRARY = "libc++";
				CLANG_ENABLE_MODULES = YES;
				CLANG_ENABLE_OBJC_ARC = YES;
				CLANG_WARN_BOOL_CONVERSION = YES;
				CLANG_WARN_CONSTANT_CONVERSION = YES;
				CLANG_WARN_DIRECT_OBJC_ISA_USAGE = YES_ERROR;
				CLANG_WARN_EMPTY_BODY = YES;
				CLANG_WARN_ENUM_CONVERSION = YES;
				CLANG_WARN_INT_CONVERSION = YES;
				CLANG_WARN_OBJC_ROOT_CLASS = YES_ERROR;
				CLANG_WARN_UNREACHABLE_CODE = YES;
				CLANG_WARN__DUPLICATE_METHOD_MATCH = YES;
				"CODE_SIGN_IDENTITY[sdk=iphoneos*]" = "iPhone Developer";
				COPY_PHASE_STRIP = YES;
				ENABLE_NS_ASSERTIONS = NO;
				ENABLE_STRICT_OBJC_MSGSEND = YES;
				GCC_C_LANGUAGE_STANDARD = gnu99;
				GCC_WARN_64_TO_32_BIT_CONVERSION = YES;
				GCC_WARN_ABOUT_RETURN_TYPE = YES_ERROR;
				GCC_WARN_UNDECLARED_SELECTOR = YES;
				GCC_WARN_UNINITIALIZED_AUTOS = YES_AGGRESSIVE;
				GCC_WARN_UNUSED_FUNCTION = YES;
				GCC_WARN_UNUSED_VARIABLE = YES;
				IPHONEOS_DEPLOYMENT_TARGET = 8.1;
				MTL_ENABLE_DEBUG_INFO = NO;
				SDKROOT = iphoneos;
				TARGETED_DEVICE_FAMILY = "1,2";
				VALIDATE_PRODUCT = YES;
			};
			name = Release;
		};
		630F8DC11A9E60D400952AEE /* Debug */ = {
			isa = XCBuildConfiguration;
			buildSettings = {
				ASSETCATALOG_COMPILER_APPICON_NAME = AppIcon;
				INFOPLIST_FILE = TestShop/Info.plist;
				LD_RUNPATH_SEARCH_PATHS = "$(inherited) @executable_path/Frameworks";
				LIBRARY_SEARCH_PATHS = (
					"$(inherited)",
					"$(PROJECT_DIR)/TestShop/GoogleAnalyticsServicesiOS_3.10",
					/Users/vincentlee/Downloads/GoogleAnalyticsServicesiOS_3.10,
					"$(PROJECT_DIR)/TestShop",
				);
				PRODUCT_NAME = "$(TARGET_NAME)";
			};
			name = Debug;
		};
		630F8DC21A9E60D400952AEE /* Release */ = {
			isa = XCBuildConfiguration;
			buildSettings = {
				ASSETCATALOG_COMPILER_APPICON_NAME = AppIcon;
				INFOPLIST_FILE = TestShop/Info.plist;
				LD_RUNPATH_SEARCH_PATHS = "$(inherited) @executable_path/Frameworks";
				LIBRARY_SEARCH_PATHS = (
					"$(inherited)",
					"$(PROJECT_DIR)/TestShop/GoogleAnalyticsServicesiOS_3.10",
					/Users/vincentlee/Downloads/GoogleAnalyticsServicesiOS_3.10,
					"$(PROJECT_DIR)/TestShop",
				);
				PRODUCT_NAME = "$(TARGET_NAME)";
			};
			name = Release;
		};
		630F8DC41A9E60D400952AEE /* Debug */ = {
			isa = XCBuildConfiguration;
			buildSettings = {
				BUNDLE_LOADER = "$(TEST_HOST)";
				FRAMEWORK_SEARCH_PATHS = (
					"$(SDKROOT)/Developer/Library/Frameworks",
					"$(inherited)",
				);
				GCC_PREPROCESSOR_DEFINITIONS = (
					"DEBUG=1",
					"$(inherited)",
				);
				INFOPLIST_FILE = TestShopTests/Info.plist;
				LD_RUNPATH_SEARCH_PATHS = "$(inherited) @executable_path/Frameworks @loader_path/Frameworks";
				PRODUCT_NAME = "$(TARGET_NAME)";
				TEST_HOST = "$(BUILT_PRODUCTS_DIR)/TestShop.app/TestShop";
			};
			name = Debug;
		};
		630F8DC51A9E60D400952AEE /* Release */ = {
			isa = XCBuildConfiguration;
			buildSettings = {
				BUNDLE_LOADER = "$(TEST_HOST)";
				FRAMEWORK_SEARCH_PATHS = (
					"$(SDKROOT)/Developer/Library/Frameworks",
					"$(inherited)",
				);
				INFOPLIST_FILE = TestShopTests/Info.plist;
				LD_RUNPATH_SEARCH_PATHS = "$(inherited) @executable_path/Frameworks @loader_path/Frameworks";
				PRODUCT_NAME = "$(TARGET_NAME)";
				TEST_HOST = "$(BUILT_PRODUCTS_DIR)/TestShop.app/TestShop";
			};
			name = Release;
		};
/* End XCBuildConfiguration section */

/* Begin XCConfigurationList section */
		630F8D981A9E60D400952AEE /* Build configuration list for PBXProject "TestShop" */ = {
			isa = XCConfigurationList;
			buildConfigurations = (
				630F8DBE1A9E60D400952AEE /* Debug */,
				630F8DBF1A9E60D400952AEE /* Release */,
			);
			defaultConfigurationIsVisible = 0;
			defaultConfigurationName = Release;
		};
		630F8DC01A9E60D400952AEE /* Build configuration list for PBXNativeTarget "TestShop" */ = {
			isa = XCConfigurationList;
			buildConfigurations = (
				630F8DC11A9E60D400952AEE /* Debug */,
				630F8DC21A9E60D400952AEE /* Release */,
			);
			defaultConfigurationIsVisible = 0;
		};
		630F8DC31A9E60D400952AEE /* Build configuration list for PBXNativeTarget "TestShopTests" */ = {
			isa = XCConfigurationList;
			buildConfigurations = (
				630F8DC41A9E60D400952AEE /* Debug */,
				630F8DC51A9E60D400952AEE /* Release */,
			);
			defaultConfigurationIsVisible = 0;
		};
/* End XCConfigurationList section */
	};
	rootObject = 630F8D951A9E60D400952AEE /* Project object */;
}
